Microsoft Visual Studio Solution File, Format Version 12.00
# Visual Studio Version 17
VisualStudioVersion = 17.5.2.0
MinimumVisualStudioVersion = 10.0.40219.1
Project("{FAE04EC0-301F-11D3-BF4B-00C04F79EFBC}") = "AC2UF2-DissenyModular", "AC2UF2-DissenyModular.csproj", "{02159F9C-84F3-420D-7ABB-CEC2D71A8439}"
EndProject
Global
	GlobalSection(SolutionConfigurationPlatforms) = preSolution
		Debug|Any CPU = Debug|Any CPU
		Release|Any CPU = Release|Any CPU
	EndGlobalSection
	GlobalSection(ProjectConfigurationPlatforms) = postSolution
		{02159F9C-84F3-420D-7ABB-CEC2D71A8439}.Debug|Any CPU.ActiveCfg = Debug|Any CPU
		{02159F9C-84F3-420D-7ABB-CEC2D71A8439}.Debug|Any CPU.Build.0 = Debug|Any CPU
		{02159F9C-84F3-420D-7ABB-CEC2D71A8439}.Release|Any CPU.ActiveCfg = Release|Any CPU
		{02159F9C-84F3-420D-7ABB-CEC2D71A8439}.Release|Any CPU.Build.0 = Release|Any CPU
	EndGlobalSection
	GlobalSection(SolutionProperties) = preSolution
		HideSolutionNode = FALSE
	EndGlobalSection
	GlobalSection(ExtensibilityGlobals) = postSolution
		SolutionGuid = {65F9127E-F10D-468D-A680-A3FADFED4971}
	EndGlobalSection
EndGlobal
