Microsoft Visual Studio Solution File, Format Version 12.00
# Visual Studio Version 17
VisualStudioVersion = 17.5.2.0
MinimumVisualStudioVersion = 10.0.40219.1
Project("{FAE04EC0-301F-11D3-BF4B-00C04F79EFBC}") = "PROJECTOFINAL-CLASES", "PROJECTOFINAL-CLASES.csproj", "{089739BB-96EA-9B93-474B-7A3BE2EDF567}"
EndProject
Global
	GlobalSection(SolutionConfigurationPlatforms) = preSolution
		Debug|Any CPU = Debug|Any CPU
		Release|Any CPU = Release|Any CPU
	EndGlobalSection
	GlobalSection(ProjectConfigurationPlatforms) = postSolution
		{089739BB-96EA-9B93-474B-7A3BE2EDF567}.Debug|Any CPU.ActiveCfg = Debug|Any CPU
		{089739BB-96EA-9B93-474B-7A3BE2EDF567}.Debug|Any CPU.Build.0 = Debug|Any CPU
		{089739BB-96EA-9B93-474B-7A3BE2EDF567}.Release|Any CPU.ActiveCfg = Release|Any CPU
		{089739BB-96EA-9B93-474B-7A3BE2EDF567}.Release|Any CPU.Build.0 = Release|Any CPU
	EndGlobalSection
	GlobalSection(SolutionProperties) = preSolution
		HideSolutionNode = FALSE
	EndGlobalSection
	GlobalSection(ExtensibilityGlobals) = postSolution
		SolutionGuid = {FC2423DC-0FA5-473D-98AB-6021A76720EF}
	EndGlobalSection
EndGlobal
