Microsoft Visual Studio Solution File, Format Version 12.00
# Visual Studio Version 17
VisualStudioVersion = 17.5.2.0
MinimumVisualStudioVersion = 10.0.40219.1
Project("{FAE04EC0-301F-11D3-BF4B-00C04F79EFBC}") = "AC10V2", "AC10V2.csproj", "{923B3A49-2D55-AACD-F065-4BEFD5B880C0}"
EndProject
Global
	GlobalSection(SolutionConfigurationPlatforms) = preSolution
		Debug|Any CPU = Debug|Any CPU
		Release|Any CPU = Release|Any CPU
	EndGlobalSection
	GlobalSection(ProjectConfigurationPlatforms) = postSolution
		{923B3A49-2D55-AACD-F065-4BEFD5B880C0}.Debug|Any CPU.ActiveCfg = Debug|Any CPU
		{923B3A49-2D55-AACD-F065-4BEFD5B880C0}.Debug|Any CPU.Build.0 = Debug|Any CPU
		{923B3A49-2D55-AACD-F065-4BEFD5B880C0}.Release|Any CPU.ActiveCfg = Release|Any CPU
		{923B3A49-2D55-AACD-F065-4BEFD5B880C0}.Release|Any CPU.Build.0 = Release|Any CPU
	EndGlobalSection
	GlobalSection(SolutionProperties) = preSolution
		HideSolutionNode = FALSE
	EndGlobalSection
	GlobalSection(ExtensibilityGlobals) = postSolution
		SolutionGuid = {DC3D9C68-1917-4C00-9819-B89CD4F6C842}
	EndGlobalSection
EndGlobal
